{
    "name": "ansie-kitchen-sink",
    "version": "1.0.0",
    "lockfileVersion": 3,
    "requires": true,
    "packages": {
        "": {
            "name": "ansie-kitchen-sink",
            "version": "1.0.0",
            "license": "ISC",
            "dependencies": {
                "ansie": "file:../.."
            }
        },
        "../..": {
            "version": "0.4.0",
            "license": "MIT",
            "dependencies": {
                "ts-deepmerge": "^7.0.0",
                "yargs": "^17.7.2"
            },
            "bin": {
                "ansie": "dist/node/cli.js"
            },
            "devDependencies": {
                "@types/jest": "^29.5.12",
                "@types/node": "^20.11.16",
                "@types/yargs": "^17.0.32",
                "@typescript-eslint/eslint-plugin": "^6.21.0",
                "bun-types": "^1.0.26",
                "dts-bundle-generator": "^9.3.1",
                "eslint": "^8.56.0",
                "lefthook": "^1.6.0",
                "peggy": "^3.0.2",
                "prettier": "^3.2.4",
                "rimraf": "^5.0.5",
                "ts-pegjs": "^4.2.1"
            },
            "funding": {
                "type": "patreon",
                "url": "https://www.patreon.com/karimshehadeh"
            },
            "peerDependencies": {
                "typescript": "^5.3.3"
            }
        },
        "node_modules/ansie": {
            "resolved": "../..",
            "link": true
        }
    }
}
